
Microsoft Visual Studio Solution File, Format Version 12.00
# Visual Studio 14
VisualStudioVersion = 14.0.25420.1
MinimumVisualStudioVersion = 10.0.40219.1
Project("{FAE04EC0-301F-11D3-BF4B-00C04F79EFBC}") = "Slide", "Slide\Slide\Slide.csproj", "{1F96BBD7-E5F6-4A84-BC70-C9BFDED6DA4D}"
EndProject
Project("{FAE04EC0-301F-11D3-BF4B-00C04F79EFBC}") = "Slide.Droid", "Slide\Slide.Droid\Slide.Droid.csproj", "{86D6EEFD-3FEE-497A-B765-3031B1184D46}"
EndProject
Project("{FAE04EC0-301F-11D3-BF4B-00C04F79EFBC}") = "Slide.iOS", "Slide\Slide.iOS\Slide.iOS.csproj", "{F58080A5-7E18-4343-B058-FFF5B0DAFAFB}"
EndProject
Project("{FAE04EC0-301F-11D3-BF4B-00C04F79EFBC}") = "Slide.WinPhone", "Slide\Slide.WinPhone\Slide.WinPhone.csproj", "{39722434-A79F-4FF4-BD64-157F91B19D5F}"
EndProject
Project("{FAE04EC0-301F-11D3-BF4B-00C04F79EFBC}") = "Slide.UWP", "Slide\Slide.UWP\Slide.UWP.csproj", "{CB7E1114-4E47-4B96-B248-FE3DB7249FF1}"
EndProject
Project("{FAE04EC0-301F-11D3-BF4B-00C04F79EFBC}") = "Slide.Windows", "Slide\Slide.Windows\Slide.Windows.csproj", "{F75E9B17-FC12-427A-B8A3-BE5F1F5D2E50}"
EndProject
Project("{2150E333-8FDC-42A3-9474-1A3956D46DE8}") = "doc", "doc", "{7921DB5C-1E94-4B2A-9976-1516DC89CD57}"
	ProjectSection(SolutionItems) = preProject
		README.md = README.md
	EndProjectSection
EndProject
Project("{FAE04EC0-301F-11D3-BF4B-00C04F79EFBC}") = "Slide.Tests", "Slide.Tests\Slide.Tests.csproj", "{6D7C08A1-9328-4F6D-8A4D-9534A9295E5C}"
EndProject
Project("{2150E333-8FDC-42A3-9474-1A3956D46DE8}") = "Tests", "Tests", "{3777B00D-6C55-4876-8B71-A05CA1D383D7}"
EndProject
Project("{FAE04EC0-301F-11D3-BF4B-00C04F79EFBC}") = "Slide.UITests", "Slide.UITests\Slide.UITests.csproj", "{A179CA4F-A42C-4967-824A-4541F94D17F4}"
EndProject
Global
	GlobalSection(SolutionConfigurationPlatforms) = preSolution
		Ad-Hoc|Any CPU = Ad-Hoc|Any CPU
		Ad-Hoc|ARM = Ad-Hoc|ARM
		Ad-Hoc|iPhone = Ad-Hoc|iPhone
		Ad-Hoc|iPhoneSimulator = Ad-Hoc|iPhoneSimulator
		Ad-Hoc|x64 = Ad-Hoc|x64
		Ad-Hoc|x86 = Ad-Hoc|x86
		AppStore|Any CPU = AppStore|Any CPU
		AppStore|ARM = AppStore|ARM
		AppStore|iPhone = AppStore|iPhone
		AppStore|iPhoneSimulator = AppStore|iPhoneSimulator
		AppStore|x64 = AppStore|x64
		AppStore|x86 = AppStore|x86
		Debug|Any CPU = Debug|Any CPU
		Debug|ARM = Debug|ARM
		Debug|iPhone = Debug|iPhone
		Debug|iPhoneSimulator = Debug|iPhoneSimulator
		Debug|x64 = Debug|x64
		Debug|x86 = Debug|x86
		Release|Any CPU = Release|Any CPU
		Release|ARM = Release|ARM
		Release|iPhone = Release|iPhone
		Release|iPhoneSimulator = Release|iPhoneSimulator
		Release|x64 = Release|x64
		Release|x86 = Release|x86
	EndGlobalSection
	GlobalSection(ProjectConfigurationPlatforms) = postSolution
		{1F96BBD7-E5F6-4A84-BC70-C9BFDED6DA4D}.Ad-Hoc|Any CPU.ActiveCfg = Release|Any CPU
		{1F96BBD7-E5F6-4A84-BC70-C9BFDED6DA4D}.Ad-Hoc|Any CPU.Build.0 = Release|Any CPU
		{1F96BBD7-E5F6-4A84-BC70-C9BFDED6DA4D}.Ad-Hoc|ARM.ActiveCfg = Release|Any CPU
		{1F96BBD7-E5F6-4A84-BC70-C9BFDED6DA4D}.Ad-Hoc|ARM.Build.0 = Release|Any CPU
		{1F96BBD7-E5F6-4A84-BC70-C9BFDED6DA4D}.Ad-Hoc|iPhone.ActiveCfg = Release|Any CPU
		{1F96BBD7-E5F6-4A84-BC70-C9BFDED6DA4D}.Ad-Hoc|iPhone.Build.0 = Release|Any CPU
		{1F96BBD7-E5F6-4A84-BC70-C9BFDED6DA4D}.Ad-Hoc|iPhoneSimulator.ActiveCfg = Release|Any CPU
		{1F96BBD7-E5F6-4A84-BC70-C9BFDED6DA4D}.Ad-Hoc|iPhoneSimulator.Build.0 = Release|Any CPU
		{1F96BBD7-E5F6-4A84-BC70-C9BFDED6DA4D}.Ad-Hoc|x64.ActiveCfg = Release|Any CPU
		{1F96BBD7-E5F6-4A84-BC70-C9BFDED6DA4D}.Ad-Hoc|x64.Build.0 = Release|Any CPU
		{1F96BBD7-E5F6-4A84-BC70-C9BFDED6DA4D}.Ad-Hoc|x86.ActiveCfg = Release|Any CPU
		{1F96BBD7-E5F6-4A84-BC70-C9BFDED6DA4D}.Ad-Hoc|x86.Build.0 = Release|Any CPU
		{1F96BBD7-E5F6-4A84-BC70-C9BFDED6DA4D}.AppStore|Any CPU.ActiveCfg = Release|Any CPU
		{1F96BBD7-E5F6-4A84-BC70-C9BFDED6DA4D}.AppStore|Any CPU.Build.0 = Release|Any CPU
		{1F96BBD7-E5F6-4A84-BC70-C9BFDED6DA4D}.AppStore|ARM.ActiveCfg = Release|Any CPU
		{1F96BBD7-E5F6-4A84-BC70-C9BFDED6DA4D}.AppStore|ARM.Build.0 = Release|Any CPU
		{1F96BBD7-E5F6-4A84-BC70-C9BFDED6DA4D}.AppStore|iPhone.ActiveCfg = Release|Any CPU
		{1F96BBD7-E5F6-4A84-BC70-C9BFDED6DA4D}.AppStore|iPhone.Build.0 = Release|Any CPU
		{1F96BBD7-E5F6-4A84-BC70-C9BFDED6DA4D}.AppStore|iPhoneSimulator.ActiveCfg = Release|Any CPU
		{1F96BBD7-E5F6-4A84-BC70-C9BFDED6DA4D}.AppStore|iPhoneSimulator.Build.0 = Release|Any CPU
		{1F96BBD7-E5F6-4A84-BC70-C9BFDED6DA4D}.AppStore|x64.ActiveCfg = Release|Any CPU
		{1F96BBD7-E5F6-4A84-BC70-C9BFDED6DA4D}.AppStore|x64.Build.0 = Release|Any CPU
		{1F96BBD7-E5F6-4A84-BC70-C9BFDED6DA4D}.AppStore|x86.ActiveCfg = Release|Any CPU
		{1F96BBD7-E5F6-4A84-BC70-C9BFDED6DA4D}.AppStore|x86.Build.0 = Release|Any CPU
		{1F96BBD7-E5F6-4A84-BC70-C9BFDED6DA4D}.Debug|Any CPU.ActiveCfg = Debug|Any CPU
		{1F96BBD7-E5F6-4A84-BC70-C9BFDED6DA4D}.Debug|Any CPU.Build.0 = Debug|Any CPU
		{1F96BBD7-E5F6-4A84-BC70-C9BFDED6DA4D}.Debug|ARM.ActiveCfg = Debug|Any CPU
		{1F96BBD7-E5F6-4A84-BC70-C9BFDED6DA4D}.Debug|ARM.Build.0 = Debug|Any CPU
		{1F96BBD7-E5F6-4A84-BC70-C9BFDED6DA4D}.Debug|iPhone.ActiveCfg = Debug|Any CPU
		{1F96BBD7-E5F6-4A84-BC70-C9BFDED6DA4D}.Debug|iPhone.Build.0 = Debug|Any CPU
		{1F96BBD7-E5F6-4A84-BC70-C9BFDED6DA4D}.Debug|iPhoneSimulator.ActiveCfg = Debug|Any CPU
		{1F96BBD7-E5F6-4A84-BC70-C9BFDED6DA4D}.Debug|iPhoneSimulator.Build.0 = Debug|Any CPU
		{1F96BBD7-E5F6-4A84-BC70-C9BFDED6DA4D}.Debug|x64.ActiveCfg = Debug|Any CPU
		{1F96BBD7-E5F6-4A84-BC70-C9BFDED6DA4D}.Debug|x64.Build.0 = Debug|Any CPU
		{1F96BBD7-E5F6-4A84-BC70-C9BFDED6DA4D}.Debug|x86.ActiveCfg = Debug|Any CPU
		{1F96BBD7-E5F6-4A84-BC70-C9BFDED6DA4D}.Debug|x86.Build.0 = Debug|Any CPU
		{1F96BBD7-E5F6-4A84-BC70-C9BFDED6DA4D}.Release|Any CPU.ActiveCfg = Release|Any CPU
		{1F96BBD7-E5F6-4A84-BC70-C9BFDED6DA4D}.Release|Any CPU.Build.0 = Release|Any CPU
		{1F96BBD7-E5F6-4A84-BC70-C9BFDED6DA4D}.Release|ARM.ActiveCfg = Release|Any CPU
		{1F96BBD7-E5F6-4A84-BC70-C9BFDED6DA4D}.Release|ARM.Build.0 = Release|Any CPU
		{1F96BBD7-E5F6-4A84-BC70-C9BFDED6DA4D}.Release|iPhone.ActiveCfg = Release|Any CPU
		{1F96BBD7-E5F6-4A84-BC70-C9BFDED6DA4D}.Release|iPhone.Build.0 = Release|Any CPU
		{1F96BBD7-E5F6-4A84-BC70-C9BFDED6DA4D}.Release|iPhoneSimulator.ActiveCfg = Release|Any CPU
		{1F96BBD7-E5F6-4A84-BC70-C9BFDED6DA4D}.Release|iPhoneSimulator.Build.0 = Release|Any CPU
		{1F96BBD7-E5F6-4A84-BC70-C9BFDED6DA4D}.Release|x64.ActiveCfg = Release|Any CPU
		{1F96BBD7-E5F6-4A84-BC70-C9BFDED6DA4D}.Release|x64.Build.0 = Release|Any CPU
		{1F96BBD7-E5F6-4A84-BC70-C9BFDED6DA4D}.Release|x86.ActiveCfg = Release|Any CPU
		{1F96BBD7-E5F6-4A84-BC70-C9BFDED6DA4D}.Release|x86.Build.0 = Release|Any CPU
		{86D6EEFD-3FEE-497A-B765-3031B1184D46}.Ad-Hoc|Any CPU.ActiveCfg = Release|Any CPU
		{86D6EEFD-3FEE-497A-B765-3031B1184D46}.Ad-Hoc|Any CPU.Build.0 = Release|Any CPU
		{86D6EEFD-3FEE-497A-B765-3031B1184D46}.Ad-Hoc|Any CPU.Deploy.0 = Release|Any CPU
		{86D6EEFD-3FEE-497A-B765-3031B1184D46}.Ad-Hoc|ARM.ActiveCfg = Release|Any CPU
		{86D6EEFD-3FEE-497A-B765-3031B1184D46}.Ad-Hoc|ARM.Build.0 = Release|Any CPU
		{86D6EEFD-3FEE-497A-B765-3031B1184D46}.Ad-Hoc|ARM.Deploy.0 = Release|Any CPU
		{86D6EEFD-3FEE-497A-B765-3031B1184D46}.Ad-Hoc|iPhone.ActiveCfg = Release|Any CPU
		{86D6EEFD-3FEE-497A-B765-3031B1184D46}.Ad-Hoc|iPhone.Build.0 = Release|Any CPU
		{86D6EEFD-3FEE-497A-B765-3031B1184D46}.Ad-Hoc|iPhone.Deploy.0 = Release|Any CPU
		{86D6EEFD-3FEE-497A-B765-3031B1184D46}.Ad-Hoc|iPhoneSimulator.ActiveCfg = Release|Any CPU
		{86D6EEFD-3FEE-497A-B765-3031B1184D46}.Ad-Hoc|iPhoneSimulator.Build.0 = Release|Any CPU
		{86D6EEFD-3FEE-497A-B765-3031B1184D46}.Ad-Hoc|iPhoneSimulator.Deploy.0 = Release|Any CPU
		{86D6EEFD-3FEE-497A-B765-3031B1184D46}.Ad-Hoc|x64.ActiveCfg = Release|Any CPU
		{86D6EEFD-3FEE-497A-B765-3031B1184D46}.Ad-Hoc|x64.Build.0 = Release|Any CPU
		{86D6EEFD-3FEE-497A-B765-3031B1184D46}.Ad-Hoc|x64.Deploy.0 = Release|Any CPU
		{86D6EEFD-3FEE-497A-B765-3031B1184D46}.Ad-Hoc|x86.ActiveCfg = Release|Any CPU
		{86D6EEFD-3FEE-497A-B765-3031B1184D46}.Ad-Hoc|x86.Build.0 = Release|Any CPU
		{86D6EEFD-3FEE-497A-B765-3031B1184D46}.Ad-Hoc|x86.Deploy.0 = Release|Any CPU
		{86D6EEFD-3FEE-497A-B765-3031B1184D46}.AppStore|Any CPU.ActiveCfg = Release|Any CPU
		{86D6EEFD-3FEE-497A-B765-3031B1184D46}.AppStore|Any CPU.Build.0 = Release|Any CPU
		{86D6EEFD-3FEE-497A-B765-3031B1184D46}.AppStore|Any CPU.Deploy.0 = Release|Any CPU
		{86D6EEFD-3FEE-497A-B765-3031B1184D46}.AppStore|ARM.ActiveCfg = Release|Any CPU
		{86D6EEFD-3FEE-497A-B765-3031B1184D46}.AppStore|ARM.Build.0 = Release|Any CPU
		{86D6EEFD-3FEE-497A-B765-3031B1184D46}.AppStore|ARM.Deploy.0 = Release|Any CPU
		{86D6EEFD-3FEE-497A-B765-3031B1184D46}.AppStore|iPhone.ActiveCfg = Release|Any CPU
		{86D6EEFD-3FEE-497A-B765-3031B1184D46}.AppStore|iPhone.Build.0 = Release|Any CPU
		{86D6EEFD-3FEE-497A-B765-3031B1184D46}.AppStore|iPhone.Deploy.0 = Release|Any CPU
		{86D6EEFD-3FEE-497A-B765-3031B1184D46}.AppStore|iPhoneSimulator.ActiveCfg = Release|Any CPU
		{86D6EEFD-3FEE-497A-B765-3031B1184D46}.AppStore|iPhoneSimulator.Build.0 = Release|Any CPU
		{86D6EEFD-3FEE-497A-B765-3031B1184D46}.AppStore|iPhoneSimulator.Deploy.0 = Release|Any CPU
		{86D6EEFD-3FEE-497A-B765-3031B1184D46}.AppStore|x64.ActiveCfg = Release|Any CPU
		{86D6EEFD-3FEE-497A-B765-3031B1184D46}.AppStore|x64.Build.0 = Release|Any CPU
		{86D6EEFD-3FEE-497A-B765-3031B1184D46}.AppStore|x64.Deploy.0 = Release|Any CPU
		{86D6EEFD-3FEE-497A-B765-3031B1184D46}.AppStore|x86.ActiveCfg = Release|Any CPU
		{86D6EEFD-3FEE-497A-B765-3031B1184D46}.AppStore|x86.Build.0 = Release|Any CPU
		{86D6EEFD-3FEE-497A-B765-3031B1184D46}.AppStore|x86.Deploy.0 = Release|Any CPU
		{86D6EEFD-3FEE-497A-B765-3031B1184D46}.Debug|Any CPU.ActiveCfg = Debug|Any CPU
		{86D6EEFD-3FEE-497A-B765-3031B1184D46}.Debug|Any CPU.Build.0 = Debug|Any CPU
		{86D6EEFD-3FEE-497A-B765-3031B1184D46}.Debug|Any CPU.Deploy.0 = Debug|Any CPU
		{86D6EEFD-3FEE-497A-B765-3031B1184D46}.Debug|ARM.ActiveCfg = Debug|Any CPU
		{86D6EEFD-3FEE-497A-B765-3031B1184D46}.Debug|ARM.Build.0 = Debug|Any CPU
		{86D6EEFD-3FEE-497A-B765-3031B1184D46}.Debug|ARM.Deploy.0 = Debug|Any CPU
		{86D6EEFD-3FEE-497A-B765-3031B1184D46}.Debug|iPhone.ActiveCfg = Debug|Any CPU
		{86D6EEFD-3FEE-497A-B765-3031B1184D46}.Debug|iPhone.Build.0 = Debug|Any CPU
		{86D6EEFD-3FEE-497A-B765-3031B1184D46}.Debug|iPhone.Deploy.0 = Debug|Any CPU
		{86D6EEFD-3FEE-497A-B765-3031B1184D46}.Debug|iPhoneSimulator.ActiveCfg = Debug|Any CPU
		{86D6EEFD-3FEE-497A-B765-3031B1184D46}.Debug|iPhoneSimulator.Build.0 = Debug|Any CPU
		{86D6EEFD-3FEE-497A-B765-3031B1184D46}.Debug|iPhoneSimulator.Deploy.0 = Debug|Any CPU
		{86D6EEFD-3FEE-497A-B765-3031B1184D46}.Debug|x64.ActiveCfg = Debug|Any CPU
		{86D6EEFD-3FEE-497A-B765-3031B1184D46}.Debug|x64.Build.0 = Debug|Any CPU
		{86D6EEFD-3FEE-497A-B765-3031B1184D46}.Debug|x64.Deploy.0 = Debug|Any CPU
		{86D6EEFD-3FEE-497A-B765-3031B1184D46}.Debug|x86.ActiveCfg = Debug|Any CPU
		{86D6EEFD-3FEE-497A-B765-3031B1184D46}.Debug|x86.Build.0 = Debug|Any CPU
		{86D6EEFD-3FEE-497A-B765-3031B1184D46}.Debug|x86.Deploy.0 = Debug|Any CPU
		{86D6EEFD-3FEE-497A-B765-3031B1184D46}.Release|Any CPU.ActiveCfg = Release|Any CPU
		{86D6EEFD-3FEE-497A-B765-3031B1184D46}.Release|Any CPU.Build.0 = Release|Any CPU
		{86D6EEFD-3FEE-497A-B765-3031B1184D46}.Release|Any CPU.Deploy.0 = Release|Any CPU
		{86D6EEFD-3FEE-497A-B765-3031B1184D46}.Release|ARM.ActiveCfg = Release|Any CPU
		{86D6EEFD-3FEE-497A-B765-3031B1184D46}.Release|ARM.Build.0 = Release|Any CPU
		{86D6EEFD-3FEE-497A-B765-3031B1184D46}.Release|ARM.Deploy.0 = Release|Any CPU
		{86D6EEFD-3FEE-497A-B765-3031B1184D46}.Release|iPhone.ActiveCfg = Release|Any CPU
		{86D6EEFD-3FEE-497A-B765-3031B1184D46}.Release|iPhone.Build.0 = Release|Any CPU
		{86D6EEFD-3FEE-497A-B765-3031B1184D46}.Release|iPhone.Deploy.0 = Release|Any CPU
		{86D6EEFD-3FEE-497A-B765-3031B1184D46}.Release|iPhoneSimulator.ActiveCfg = Release|Any CPU
		{86D6EEFD-3FEE-497A-B765-3031B1184D46}.Release|iPhoneSimulator.Build.0 = Release|Any CPU
		{86D6EEFD-3FEE-497A-B765-3031B1184D46}.Release|iPhoneSimulator.Deploy.0 = Release|Any CPU
		{86D6EEFD-3FEE-497A-B765-3031B1184D46}.Release|x64.ActiveCfg = Release|Any CPU
		{86D6EEFD-3FEE-497A-B765-3031B1184D46}.Release|x64.Build.0 = Release|Any CPU
		{86D6EEFD-3FEE-497A-B765-3031B1184D46}.Release|x64.Deploy.0 = Release|Any CPU
		{86D6EEFD-3FEE-497A-B765-3031B1184D46}.Release|x86.ActiveCfg = Release|Any CPU
		{86D6EEFD-3FEE-497A-B765-3031B1184D46}.Release|x86.Build.0 = Release|Any CPU
		{86D6EEFD-3FEE-497A-B765-3031B1184D46}.Release|x86.Deploy.0 = Release|Any CPU
		{F58080A5-7E18-4343-B058-FFF5B0DAFAFB}.Ad-Hoc|Any CPU.ActiveCfg = Ad-Hoc|iPhone
		{F58080A5-7E18-4343-B058-FFF5B0DAFAFB}.Ad-Hoc|ARM.ActiveCfg = Ad-Hoc|iPhone
		{F58080A5-7E18-4343-B058-FFF5B0DAFAFB}.Ad-Hoc|iPhone.ActiveCfg = Ad-Hoc|iPhone
		{F58080A5-7E18-4343-B058-FFF5B0DAFAFB}.Ad-Hoc|iPhone.Build.0 = Ad-Hoc|iPhone
		{F58080A5-7E18-4343-B058-FFF5B0DAFAFB}.Ad-Hoc|iPhoneSimulator.ActiveCfg = Ad-Hoc|iPhoneSimulator
		{F58080A5-7E18-4343-B058-FFF5B0DAFAFB}.Ad-Hoc|iPhoneSimulator.Build.0 = Ad-Hoc|iPhoneSimulator
		{F58080A5-7E18-4343-B058-FFF5B0DAFAFB}.Ad-Hoc|x64.ActiveCfg = Ad-Hoc|iPhone
		{F58080A5-7E18-4343-B058-FFF5B0DAFAFB}.Ad-Hoc|x86.ActiveCfg = Ad-Hoc|iPhone
		{F58080A5-7E18-4343-B058-FFF5B0DAFAFB}.AppStore|Any CPU.ActiveCfg = AppStore|iPhone
		{F58080A5-7E18-4343-B058-FFF5B0DAFAFB}.AppStore|ARM.ActiveCfg = AppStore|iPhone
		{F58080A5-7E18-4343-B058-FFF5B0DAFAFB}.AppStore|iPhone.ActiveCfg = AppStore|iPhone
		{F58080A5-7E18-4343-B058-FFF5B0DAFAFB}.AppStore|iPhone.Build.0 = AppStore|iPhone
		{F58080A5-7E18-4343-B058-FFF5B0DAFAFB}.AppStore|iPhoneSimulator.ActiveCfg = AppStore|iPhoneSimulator
		{F58080A5-7E18-4343-B058-FFF5B0DAFAFB}.AppStore|iPhoneSimulator.Build.0 = AppStore|iPhoneSimulator
		{F58080A5-7E18-4343-B058-FFF5B0DAFAFB}.AppStore|x64.ActiveCfg = AppStore|iPhone
		{F58080A5-7E18-4343-B058-FFF5B0DAFAFB}.AppStore|x86.ActiveCfg = AppStore|iPhone
		{F58080A5-7E18-4343-B058-FFF5B0DAFAFB}.Debug|Any CPU.ActiveCfg = Debug|iPhone
		{F58080A5-7E18-4343-B058-FFF5B0DAFAFB}.Debug|ARM.ActiveCfg = Debug|iPhone
		{F58080A5-7E18-4343-B058-FFF5B0DAFAFB}.Debug|iPhone.ActiveCfg = Debug|iPhone
		{F58080A5-7E18-4343-B058-FFF5B0DAFAFB}.Debug|iPhone.Build.0 = Debug|iPhone
		{F58080A5-7E18-4343-B058-FFF5B0DAFAFB}.Debug|iPhoneSimulator.ActiveCfg = Debug|iPhoneSimulator
		{F58080A5-7E18-4343-B058-FFF5B0DAFAFB}.Debug|iPhoneSimulator.Build.0 = Debug|iPhoneSimulator
		{F58080A5-7E18-4343-B058-FFF5B0DAFAFB}.Debug|x64.ActiveCfg = Debug|iPhone
		{F58080A5-7E18-4343-B058-FFF5B0DAFAFB}.Debug|x86.ActiveCfg = Debug|iPhone
		{F58080A5-7E18-4343-B058-FFF5B0DAFAFB}.Release|Any CPU.ActiveCfg = Release|iPhone
		{F58080A5-7E18-4343-B058-FFF5B0DAFAFB}.Release|ARM.ActiveCfg = Release|iPhone
		{F58080A5-7E18-4343-B058-FFF5B0DAFAFB}.Release|iPhone.ActiveCfg = Release|iPhone
		{F58080A5-7E18-4343-B058-FFF5B0DAFAFB}.Release|iPhone.Build.0 = Release|iPhone
		{F58080A5-7E18-4343-B058-FFF5B0DAFAFB}.Release|iPhoneSimulator.ActiveCfg = Release|iPhoneSimulator
		{F58080A5-7E18-4343-B058-FFF5B0DAFAFB}.Release|iPhoneSimulator.Build.0 = Release|iPhoneSimulator
		{F58080A5-7E18-4343-B058-FFF5B0DAFAFB}.Release|x64.ActiveCfg = Release|iPhone
		{F58080A5-7E18-4343-B058-FFF5B0DAFAFB}.Release|x86.ActiveCfg = Release|iPhone
		{39722434-A79F-4FF4-BD64-157F91B19D5F}.Ad-Hoc|Any CPU.ActiveCfg = Release|Any CPU
		{39722434-A79F-4FF4-BD64-157F91B19D5F}.Ad-Hoc|Any CPU.Build.0 = Release|Any CPU
		{39722434-A79F-4FF4-BD64-157F91B19D5F}.Ad-Hoc|Any CPU.Deploy.0 = Release|Any CPU
		{39722434-A79F-4FF4-BD64-157F91B19D5F}.Ad-Hoc|ARM.ActiveCfg = Release|ARM
		{39722434-A79F-4FF4-BD64-157F91B19D5F}.Ad-Hoc|ARM.Build.0 = Release|ARM
		{39722434-A79F-4FF4-BD64-157F91B19D5F}.Ad-Hoc|ARM.Deploy.0 = Release|ARM
		{39722434-A79F-4FF4-BD64-157F91B19D5F}.Ad-Hoc|iPhone.ActiveCfg = Release|Any CPU
		{39722434-A79F-4FF4-BD64-157F91B19D5F}.Ad-Hoc|iPhone.Build.0 = Release|Any CPU
		{39722434-A79F-4FF4-BD64-157F91B19D5F}.Ad-Hoc|iPhone.Deploy.0 = Release|Any CPU
		{39722434-A79F-4FF4-BD64-157F91B19D5F}.Ad-Hoc|iPhoneSimulator.ActiveCfg = Release|Any CPU
		{39722434-A79F-4FF4-BD64-157F91B19D5F}.Ad-Hoc|iPhoneSimulator.Build.0 = Release|Any CPU
		{39722434-A79F-4FF4-BD64-157F91B19D5F}.Ad-Hoc|iPhoneSimulator.Deploy.0 = Release|Any CPU
		{39722434-A79F-4FF4-BD64-157F91B19D5F}.Ad-Hoc|x64.ActiveCfg = Release|Any CPU
		{39722434-A79F-4FF4-BD64-157F91B19D5F}.Ad-Hoc|x64.Build.0 = Release|Any CPU
		{39722434-A79F-4FF4-BD64-157F91B19D5F}.Ad-Hoc|x64.Deploy.0 = Release|Any CPU
		{39722434-A79F-4FF4-BD64-157F91B19D5F}.Ad-Hoc|x86.ActiveCfg = Release|x86
		{39722434-A79F-4FF4-BD64-157F91B19D5F}.Ad-Hoc|x86.Build.0 = Release|x86
		{39722434-A79F-4FF4-BD64-157F91B19D5F}.Ad-Hoc|x86.Deploy.0 = Release|x86
		{39722434-A79F-4FF4-BD64-157F91B19D5F}.AppStore|Any CPU.ActiveCfg = Release|Any CPU
		{39722434-A79F-4FF4-BD64-157F91B19D5F}.AppStore|Any CPU.Build.0 = Release|Any CPU
		{39722434-A79F-4FF4-BD64-157F91B19D5F}.AppStore|Any CPU.Deploy.0 = Release|Any CPU
		{39722434-A79F-4FF4-BD64-157F91B19D5F}.AppStore|ARM.ActiveCfg = Release|ARM
		{39722434-A79F-4FF4-BD64-157F91B19D5F}.AppStore|ARM.Build.0 = Release|ARM
		{39722434-A79F-4FF4-BD64-157F91B19D5F}.AppStore|ARM.Deploy.0 = Release|ARM
		{39722434-A79F-4FF4-BD64-157F91B19D5F}.AppStore|iPhone.ActiveCfg = Release|Any CPU
		{39722434-A79F-4FF4-BD64-157F91B19D5F}.AppStore|iPhone.Build.0 = Release|Any CPU
		{39722434-A79F-4FF4-BD64-157F91B19D5F}.AppStore|iPhone.Deploy.0 = Release|Any CPU
		{39722434-A79F-4FF4-BD64-157F91B19D5F}.AppStore|iPhoneSimulator.ActiveCfg = Release|Any CPU
		{39722434-A79F-4FF4-BD64-157F91B19D5F}.AppStore|iPhoneSimulator.Build.0 = Release|Any CPU
		{39722434-A79F-4FF4-BD64-157F91B19D5F}.AppStore|iPhoneSimulator.Deploy.0 = Release|Any CPU
		{39722434-A79F-4FF4-BD64-157F91B19D5F}.AppStore|x64.ActiveCfg = Release|Any CPU
		{39722434-A79F-4FF4-BD64-157F91B19D5F}.AppStore|x64.Build.0 = Release|Any CPU
		{39722434-A79F-4FF4-BD64-157F91B19D5F}.AppStore|x64.Deploy.0 = Release|Any CPU
		{39722434-A79F-4FF4-BD64-157F91B19D5F}.AppStore|x86.ActiveCfg = Release|x86
		{39722434-A79F-4FF4-BD64-157F91B19D5F}.AppStore|x86.Build.0 = Release|x86
		{39722434-A79F-4FF4-BD64-157F91B19D5F}.AppStore|x86.Deploy.0 = Release|x86
		{39722434-A79F-4FF4-BD64-157F91B19D5F}.Debug|Any CPU.ActiveCfg = Debug|Any CPU
		{39722434-A79F-4FF4-BD64-157F91B19D5F}.Debug|Any CPU.Build.0 = Debug|Any CPU
		{39722434-A79F-4FF4-BD64-157F91B19D5F}.Debug|Any CPU.Deploy.0 = Debug|Any CPU
		{39722434-A79F-4FF4-BD64-157F91B19D5F}.Debug|ARM.ActiveCfg = Debug|ARM
		{39722434-A79F-4FF4-BD64-157F91B19D5F}.Debug|ARM.Build.0 = Debug|ARM
		{39722434-A79F-4FF4-BD64-157F91B19D5F}.Debug|ARM.Deploy.0 = Debug|ARM
		{39722434-A79F-4FF4-BD64-157F91B19D5F}.Debug|iPhone.ActiveCfg = Debug|Any CPU
		{39722434-A79F-4FF4-BD64-157F91B19D5F}.Debug|iPhone.Build.0 = Debug|Any CPU
		{39722434-A79F-4FF4-BD64-157F91B19D5F}.Debug|iPhone.Deploy.0 = Debug|Any CPU
		{39722434-A79F-4FF4-BD64-157F91B19D5F}.Debug|iPhoneSimulator.ActiveCfg = Debug|Any CPU
		{39722434-A79F-4FF4-BD64-157F91B19D5F}.Debug|iPhoneSimulator.Build.0 = Debug|Any CPU
		{39722434-A79F-4FF4-BD64-157F91B19D5F}.Debug|iPhoneSimulator.Deploy.0 = Debug|Any CPU
		{39722434-A79F-4FF4-BD64-157F91B19D5F}.Debug|x64.ActiveCfg = Debug|Any CPU
		{39722434-A79F-4FF4-BD64-157F91B19D5F}.Debug|x64.Build.0 = Debug|Any CPU
		{39722434-A79F-4FF4-BD64-157F91B19D5F}.Debug|x64.Deploy.0 = Debug|Any CPU
		{39722434-A79F-4FF4-BD64-157F91B19D5F}.Debug|x86.ActiveCfg = Debug|x86
		{39722434-A79F-4FF4-BD64-157F91B19D5F}.Debug|x86.Build.0 = Debug|x86
		{39722434-A79F-4FF4-BD64-157F91B19D5F}.Debug|x86.Deploy.0 = Debug|x86
		{39722434-A79F-4FF4-BD64-157F91B19D5F}.Release|Any CPU.ActiveCfg = Release|Any CPU
		{39722434-A79F-4FF4-BD64-157F91B19D5F}.Release|Any CPU.Build.0 = Release|Any CPU
		{39722434-A79F-4FF4-BD64-157F91B19D5F}.Release|Any CPU.Deploy.0 = Release|Any CPU
		{39722434-A79F-4FF4-BD64-157F91B19D5F}.Release|ARM.ActiveCfg = Release|ARM
		{39722434-A79F-4FF4-BD64-157F91B19D5F}.Release|ARM.Build.0 = Release|ARM
		{39722434-A79F-4FF4-BD64-157F91B19D5F}.Release|ARM.Deploy.0 = Release|ARM
		{39722434-A79F-4FF4-BD64-157F91B19D5F}.Release|iPhone.ActiveCfg = Release|Any CPU
		{39722434-A79F-4FF4-BD64-157F91B19D5F}.Release|iPhone.Build.0 = Release|Any CPU
		{39722434-A79F-4FF4-BD64-157F91B19D5F}.Release|iPhone.Deploy.0 = Release|Any CPU
		{39722434-A79F-4FF4-BD64-157F91B19D5F}.Release|iPhoneSimulator.ActiveCfg = Release|Any CPU
		{39722434-A79F-4FF4-BD64-157F91B19D5F}.Release|iPhoneSimulator.Build.0 = Release|Any CPU
		{39722434-A79F-4FF4-BD64-157F91B19D5F}.Release|iPhoneSimulator.Deploy.0 = Release|Any CPU
		{39722434-A79F-4FF4-BD64-157F91B19D5F}.Release|x64.ActiveCfg = Release|Any CPU
		{39722434-A79F-4FF4-BD64-157F91B19D5F}.Release|x64.Build.0 = Release|Any CPU
		{39722434-A79F-4FF4-BD64-157F91B19D5F}.Release|x64.Deploy.0 = Release|Any CPU
		{39722434-A79F-4FF4-BD64-157F91B19D5F}.Release|x86.ActiveCfg = Release|x86
		{39722434-A79F-4FF4-BD64-157F91B19D5F}.Release|x86.Build.0 = Release|x86
		{39722434-A79F-4FF4-BD64-157F91B19D5F}.Release|x86.Deploy.0 = Release|x86
		{CB7E1114-4E47-4B96-B248-FE3DB7249FF1}.Ad-Hoc|Any CPU.ActiveCfg = Release|x86
		{CB7E1114-4E47-4B96-B248-FE3DB7249FF1}.Ad-Hoc|Any CPU.Build.0 = Release|x86
		{CB7E1114-4E47-4B96-B248-FE3DB7249FF1}.Ad-Hoc|Any CPU.Deploy.0 = Release|x86
		{CB7E1114-4E47-4B96-B248-FE3DB7249FF1}.Ad-Hoc|ARM.ActiveCfg = Release|ARM
		{CB7E1114-4E47-4B96-B248-FE3DB7249FF1}.Ad-Hoc|ARM.Build.0 = Release|ARM
		{CB7E1114-4E47-4B96-B248-FE3DB7249FF1}.Ad-Hoc|ARM.Deploy.0 = Release|ARM
		{CB7E1114-4E47-4B96-B248-FE3DB7249FF1}.Ad-Hoc|iPhone.ActiveCfg = Release|x86
		{CB7E1114-4E47-4B96-B248-FE3DB7249FF1}.Ad-Hoc|iPhone.Build.0 = Release|x86
		{CB7E1114-4E47-4B96-B248-FE3DB7249FF1}.Ad-Hoc|iPhone.Deploy.0 = Release|x86
		{CB7E1114-4E47-4B96-B248-FE3DB7249FF1}.Ad-Hoc|iPhoneSimulator.ActiveCfg = Release|x86
		{CB7E1114-4E47-4B96-B248-FE3DB7249FF1}.Ad-Hoc|iPhoneSimulator.Build.0 = Release|x86
		{CB7E1114-4E47-4B96-B248-FE3DB7249FF1}.Ad-Hoc|iPhoneSimulator.Deploy.0 = Release|x86
		{CB7E1114-4E47-4B96-B248-FE3DB7249FF1}.Ad-Hoc|x64.ActiveCfg = Release|x64
		{CB7E1114-4E47-4B96-B248-FE3DB7249FF1}.Ad-Hoc|x64.Build.0 = Release|x64
		{CB7E1114-4E47-4B96-B248-FE3DB7249FF1}.Ad-Hoc|x64.Deploy.0 = Release|x64
		{CB7E1114-4E47-4B96-B248-FE3DB7249FF1}.Ad-Hoc|x86.ActiveCfg = Release|x86
		{CB7E1114-4E47-4B96-B248-FE3DB7249FF1}.Ad-Hoc|x86.Build.0 = Release|x86
		{CB7E1114-4E47-4B96-B248-FE3DB7249FF1}.Ad-Hoc|x86.Deploy.0 = Release|x86
		{CB7E1114-4E47-4B96-B248-FE3DB7249FF1}.AppStore|Any CPU.ActiveCfg = Release|x86
		{CB7E1114-4E47-4B96-B248-FE3DB7249FF1}.AppStore|Any CPU.Build.0 = Release|x86
		{CB7E1114-4E47-4B96-B248-FE3DB7249FF1}.AppStore|Any CPU.Deploy.0 = Release|x86
		{CB7E1114-4E47-4B96-B248-FE3DB7249FF1}.AppStore|ARM.ActiveCfg = Release|ARM
		{CB7E1114-4E47-4B96-B248-FE3DB7249FF1}.AppStore|ARM.Build.0 = Release|ARM
		{CB7E1114-4E47-4B96-B248-FE3DB7249FF1}.AppStore|ARM.Deploy.0 = Release|ARM
		{CB7E1114-4E47-4B96-B248-FE3DB7249FF1}.AppStore|iPhone.ActiveCfg = Release|x86
		{CB7E1114-4E47-4B96-B248-FE3DB7249FF1}.AppStore|iPhone.Build.0 = Release|x86
		{CB7E1114-4E47-4B96-B248-FE3DB7249FF1}.AppStore|iPhone.Deploy.0 = Release|x86
		{CB7E1114-4E47-4B96-B248-FE3DB7249FF1}.AppStore|iPhoneSimulator.ActiveCfg = Release|x86
		{CB7E1114-4E47-4B96-B248-FE3DB7249FF1}.AppStore|iPhoneSimulator.Build.0 = Release|x86
		{CB7E1114-4E47-4B96-B248-FE3DB7249FF1}.AppStore|iPhoneSimulator.Deploy.0 = Release|x86
		{CB7E1114-4E47-4B96-B248-FE3DB7249FF1}.AppStore|x64.ActiveCfg = Release|x64
		{CB7E1114-4E47-4B96-B248-FE3DB7249FF1}.AppStore|x64.Build.0 = Release|x64
		{CB7E1114-4E47-4B96-B248-FE3DB7249FF1}.AppStore|x64.Deploy.0 = Release|x64
		{CB7E1114-4E47-4B96-B248-FE3DB7249FF1}.AppStore|x86.ActiveCfg = Release|x86
		{CB7E1114-4E47-4B96-B248-FE3DB7249FF1}.AppStore|x86.Build.0 = Release|x86
		{CB7E1114-4E47-4B96-B248-FE3DB7249FF1}.AppStore|x86.Deploy.0 = Release|x86
		{CB7E1114-4E47-4B96-B248-FE3DB7249FF1}.Debug|Any CPU.ActiveCfg = Debug|x86
		{CB7E1114-4E47-4B96-B248-FE3DB7249FF1}.Debug|ARM.ActiveCfg = Debug|ARM
		{CB7E1114-4E47-4B96-B248-FE3DB7249FF1}.Debug|ARM.Build.0 = Debug|ARM
		{CB7E1114-4E47-4B96-B248-FE3DB7249FF1}.Debug|ARM.Deploy.0 = Debug|ARM
		{CB7E1114-4E47-4B96-B248-FE3DB7249FF1}.Debug|iPhone.ActiveCfg = Debug|x86
		{CB7E1114-4E47-4B96-B248-FE3DB7249FF1}.Debug|iPhoneSimulator.ActiveCfg = Debug|x86
		{CB7E1114-4E47-4B96-B248-FE3DB7249FF1}.Debug|x64.ActiveCfg = Debug|x64
		{CB7E1114-4E47-4B96-B248-FE3DB7249FF1}.Debug|x64.Build.0 = Debug|x64
		{CB7E1114-4E47-4B96-B248-FE3DB7249FF1}.Debug|x64.Deploy.0 = Debug|x64
		{CB7E1114-4E47-4B96-B248-FE3DB7249FF1}.Debug|x86.ActiveCfg = Debug|x86
		{CB7E1114-4E47-4B96-B248-FE3DB7249FF1}.Debug|x86.Build.0 = Debug|x86
		{CB7E1114-4E47-4B96-B248-FE3DB7249FF1}.Debug|x86.Deploy.0 = Debug|x86
		{CB7E1114-4E47-4B96-B248-FE3DB7249FF1}.Release|Any CPU.ActiveCfg = Release|x86
		{CB7E1114-4E47-4B96-B248-FE3DB7249FF1}.Release|ARM.ActiveCfg = Release|ARM
		{CB7E1114-4E47-4B96-B248-FE3DB7249FF1}.Release|ARM.Build.0 = Release|ARM
		{CB7E1114-4E47-4B96-B248-FE3DB7249FF1}.Release|ARM.Deploy.0 = Release|ARM
		{CB7E1114-4E47-4B96-B248-FE3DB7249FF1}.Release|iPhone.ActiveCfg = Release|x86
		{CB7E1114-4E47-4B96-B248-FE3DB7249FF1}.Release|iPhoneSimulator.ActiveCfg = Release|x86
		{CB7E1114-4E47-4B96-B248-FE3DB7249FF1}.Release|x64.ActiveCfg = Release|x64
		{CB7E1114-4E47-4B96-B248-FE3DB7249FF1}.Release|x64.Build.0 = Release|x64
		{CB7E1114-4E47-4B96-B248-FE3DB7249FF1}.Release|x64.Deploy.0 = Release|x64
		{CB7E1114-4E47-4B96-B248-FE3DB7249FF1}.Release|x86.ActiveCfg = Release|x86
		{CB7E1114-4E47-4B96-B248-FE3DB7249FF1}.Release|x86.Build.0 = Release|x86
		{CB7E1114-4E47-4B96-B248-FE3DB7249FF1}.Release|x86.Deploy.0 = Release|x86
		{F75E9B17-FC12-427A-B8A3-BE5F1F5D2E50}.Ad-Hoc|Any CPU.ActiveCfg = Release|Any CPU
		{F75E9B17-FC12-427A-B8A3-BE5F1F5D2E50}.Ad-Hoc|Any CPU.Build.0 = Release|Any CPU
		{F75E9B17-FC12-427A-B8A3-BE5F1F5D2E50}.Ad-Hoc|Any CPU.Deploy.0 = Release|Any CPU
		{F75E9B17-FC12-427A-B8A3-BE5F1F5D2E50}.Ad-Hoc|ARM.ActiveCfg = Release|ARM
		{F75E9B17-FC12-427A-B8A3-BE5F1F5D2E50}.Ad-Hoc|ARM.Build.0 = Release|ARM
		{F75E9B17-FC12-427A-B8A3-BE5F1F5D2E50}.Ad-Hoc|ARM.Deploy.0 = Release|ARM
		{F75E9B17-FC12-427A-B8A3-BE5F1F5D2E50}.Ad-Hoc|iPhone.ActiveCfg = Release|Any CPU
		{F75E9B17-FC12-427A-B8A3-BE5F1F5D2E50}.Ad-Hoc|iPhone.Build.0 = Release|Any CPU
		{F75E9B17-FC12-427A-B8A3-BE5F1F5D2E50}.Ad-Hoc|iPhone.Deploy.0 = Release|Any CPU
		{F75E9B17-FC12-427A-B8A3-BE5F1F5D2E50}.Ad-Hoc|iPhoneSimulator.ActiveCfg = Release|Any CPU
		{F75E9B17-FC12-427A-B8A3-BE5F1F5D2E50}.Ad-Hoc|iPhoneSimulator.Build.0 = Release|Any CPU
		{F75E9B17-FC12-427A-B8A3-BE5F1F5D2E50}.Ad-Hoc|iPhoneSimulator.Deploy.0 = Release|Any CPU
		{F75E9B17-FC12-427A-B8A3-BE5F1F5D2E50}.Ad-Hoc|x64.ActiveCfg = Release|x64
		{F75E9B17-FC12-427A-B8A3-BE5F1F5D2E50}.Ad-Hoc|x64.Build.0 = Release|x64
		{F75E9B17-FC12-427A-B8A3-BE5F1F5D2E50}.Ad-Hoc|x64.Deploy.0 = Release|x64
		{F75E9B17-FC12-427A-B8A3-BE5F1F5D2E50}.Ad-Hoc|x86.ActiveCfg = Release|x86
		{F75E9B17-FC12-427A-B8A3-BE5F1F5D2E50}.Ad-Hoc|x86.Build.0 = Release|x86
		{F75E9B17-FC12-427A-B8A3-BE5F1F5D2E50}.Ad-Hoc|x86.Deploy.0 = Release|x86
		{F75E9B17-FC12-427A-B8A3-BE5F1F5D2E50}.AppStore|Any CPU.ActiveCfg = Release|Any CPU
		{F75E9B17-FC12-427A-B8A3-BE5F1F5D2E50}.AppStore|Any CPU.Build.0 = Release|Any CPU
		{F75E9B17-FC12-427A-B8A3-BE5F1F5D2E50}.AppStore|Any CPU.Deploy.0 = Release|Any CPU
		{F75E9B17-FC12-427A-B8A3-BE5F1F5D2E50}.AppStore|ARM.ActiveCfg = Release|ARM
		{F75E9B17-FC12-427A-B8A3-BE5F1F5D2E50}.AppStore|ARM.Build.0 = Release|ARM
		{F75E9B17-FC12-427A-B8A3-BE5F1F5D2E50}.AppStore|ARM.Deploy.0 = Release|ARM
		{F75E9B17-FC12-427A-B8A3-BE5F1F5D2E50}.AppStore|iPhone.ActiveCfg = Release|Any CPU
		{F75E9B17-FC12-427A-B8A3-BE5F1F5D2E50}.AppStore|iPhone.Build.0 = Release|Any CPU
		{F75E9B17-FC12-427A-B8A3-BE5F1F5D2E50}.AppStore|iPhone.Deploy.0 = Release|Any CPU
		{F75E9B17-FC12-427A-B8A3-BE5F1F5D2E50}.AppStore|iPhoneSimulator.ActiveCfg = Release|Any CPU
		{F75E9B17-FC12-427A-B8A3-BE5F1F5D2E50}.AppStore|iPhoneSimulator.Build.0 = Release|Any CPU
		{F75E9B17-FC12-427A-B8A3-BE5F1F5D2E50}.AppStore|iPhoneSimulator.Deploy.0 = Release|Any CPU
		{F75E9B17-FC12-427A-B8A3-BE5F1F5D2E50}.AppStore|x64.ActiveCfg = Release|x64
		{F75E9B17-FC12-427A-B8A3-BE5F1F5D2E50}.AppStore|x64.Build.0 = Release|x64
		{F75E9B17-FC12-427A-B8A3-BE5F1F5D2E50}.AppStore|x64.Deploy.0 = Release|x64
		{F75E9B17-FC12-427A-B8A3-BE5F1F5D2E50}.AppStore|x86.ActiveCfg = Release|x86
		{F75E9B17-FC12-427A-B8A3-BE5F1F5D2E50}.AppStore|x86.Build.0 = Release|x86
		{F75E9B17-FC12-427A-B8A3-BE5F1F5D2E50}.AppStore|x86.Deploy.0 = Release|x86
		{F75E9B17-FC12-427A-B8A3-BE5F1F5D2E50}.Debug|Any CPU.ActiveCfg = Debug|Any CPU
		{F75E9B17-FC12-427A-B8A3-BE5F1F5D2E50}.Debug|Any CPU.Build.0 = Debug|Any CPU
		{F75E9B17-FC12-427A-B8A3-BE5F1F5D2E50}.Debug|Any CPU.Deploy.0 = Debug|Any CPU
		{F75E9B17-FC12-427A-B8A3-BE5F1F5D2E50}.Debug|ARM.ActiveCfg = Debug|ARM
		{F75E9B17-FC12-427A-B8A3-BE5F1F5D2E50}.Debug|ARM.Build.0 = Debug|ARM
		{F75E9B17-FC12-427A-B8A3-BE5F1F5D2E50}.Debug|ARM.Deploy.0 = Debug|ARM
		{F75E9B17-FC12-427A-B8A3-BE5F1F5D2E50}.Debug|iPhone.ActiveCfg = Debug|Any CPU
		{F75E9B17-FC12-427A-B8A3-BE5F1F5D2E50}.Debug|iPhone.Build.0 = Debug|Any CPU
		{F75E9B17-FC12-427A-B8A3-BE5F1F5D2E50}.Debug|iPhone.Deploy.0 = Debug|Any CPU
		{F75E9B17-FC12-427A-B8A3-BE5F1F5D2E50}.Debug|iPhoneSimulator.ActiveCfg = Debug|Any CPU
		{F75E9B17-FC12-427A-B8A3-BE5F1F5D2E50}.Debug|iPhoneSimulator.Build.0 = Debug|Any CPU
		{F75E9B17-FC12-427A-B8A3-BE5F1F5D2E50}.Debug|iPhoneSimulator.Deploy.0 = Debug|Any CPU
		{F75E9B17-FC12-427A-B8A3-BE5F1F5D2E50}.Debug|x64.ActiveCfg = Debug|x64
		{F75E9B17-FC12-427A-B8A3-BE5F1F5D2E50}.Debug|x64.Build.0 = Debug|x64
		{F75E9B17-FC12-427A-B8A3-BE5F1F5D2E50}.Debug|x64.Deploy.0 = Debug|x64
		{F75E9B17-FC12-427A-B8A3-BE5F1F5D2E50}.Debug|x86.ActiveCfg = Debug|x86
		{F75E9B17-FC12-427A-B8A3-BE5F1F5D2E50}.Debug|x86.Build.0 = Debug|x86
		{F75E9B17-FC12-427A-B8A3-BE5F1F5D2E50}.Debug|x86.Deploy.0 = Debug|x86
		{F75E9B17-FC12-427A-B8A3-BE5F1F5D2E50}.Release|Any CPU.ActiveCfg = Release|Any CPU
		{F75E9B17-FC12-427A-B8A3-BE5F1F5D2E50}.Release|Any CPU.Build.0 = Release|Any CPU
		{F75E9B17-FC12-427A-B8A3-BE5F1F5D2E50}.Release|Any CPU.Deploy.0 = Release|Any CPU
		{F75E9B17-FC12-427A-B8A3-BE5F1F5D2E50}.Release|ARM.ActiveCfg = Release|ARM
		{F75E9B17-FC12-427A-B8A3-BE5F1F5D2E50}.Release|ARM.Build.0 = Release|ARM
		{F75E9B17-FC12-427A-B8A3-BE5F1F5D2E50}.Release|ARM.Deploy.0 = Release|ARM
		{F75E9B17-FC12-427A-B8A3-BE5F1F5D2E50}.Release|iPhone.ActiveCfg = Release|Any CPU
		{F75E9B17-FC12-427A-B8A3-BE5F1F5D2E50}.Release|iPhone.Build.0 = Release|Any CPU
		{F75E9B17-FC12-427A-B8A3-BE5F1F5D2E50}.Release|iPhone.Deploy.0 = Release|Any CPU
		{F75E9B17-FC12-427A-B8A3-BE5F1F5D2E50}.Release|iPhoneSimulator.ActiveCfg = Release|Any CPU
		{F75E9B17-FC12-427A-B8A3-BE5F1F5D2E50}.Release|iPhoneSimulator.Build.0 = Release|Any CPU
		{F75E9B17-FC12-427A-B8A3-BE5F1F5D2E50}.Release|iPhoneSimulator.Deploy.0 = Release|Any CPU
		{F75E9B17-FC12-427A-B8A3-BE5F1F5D2E50}.Release|x64.ActiveCfg = Release|x64
		{F75E9B17-FC12-427A-B8A3-BE5F1F5D2E50}.Release|x64.Build.0 = Release|x64
		{F75E9B17-FC12-427A-B8A3-BE5F1F5D2E50}.Release|x64.Deploy.0 = Release|x64
		{F75E9B17-FC12-427A-B8A3-BE5F1F5D2E50}.Release|x86.ActiveCfg = Release|x86
		{F75E9B17-FC12-427A-B8A3-BE5F1F5D2E50}.Release|x86.Build.0 = Release|x86
		{F75E9B17-FC12-427A-B8A3-BE5F1F5D2E50}.Release|x86.Deploy.0 = Release|x86
		{6D7C08A1-9328-4F6D-8A4D-9534A9295E5C}.Ad-Hoc|Any CPU.ActiveCfg = Release|Any CPU
		{6D7C08A1-9328-4F6D-8A4D-9534A9295E5C}.Ad-Hoc|Any CPU.Build.0 = Release|Any CPU
		{6D7C08A1-9328-4F6D-8A4D-9534A9295E5C}.Ad-Hoc|ARM.ActiveCfg = Release|Any CPU
		{6D7C08A1-9328-4F6D-8A4D-9534A9295E5C}.Ad-Hoc|ARM.Build.0 = Release|Any CPU
		{6D7C08A1-9328-4F6D-8A4D-9534A9295E5C}.Ad-Hoc|iPhone.ActiveCfg = Release|Any CPU
		{6D7C08A1-9328-4F6D-8A4D-9534A9295E5C}.Ad-Hoc|iPhone.Build.0 = Release|Any CPU
		{6D7C08A1-9328-4F6D-8A4D-9534A9295E5C}.Ad-Hoc|iPhoneSimulator.ActiveCfg = Release|Any CPU
		{6D7C08A1-9328-4F6D-8A4D-9534A9295E5C}.Ad-Hoc|iPhoneSimulator.Build.0 = Release|Any CPU
		{6D7C08A1-9328-4F6D-8A4D-9534A9295E5C}.Ad-Hoc|x64.ActiveCfg = Release|Any CPU
		{6D7C08A1-9328-4F6D-8A4D-9534A9295E5C}.Ad-Hoc|x64.Build.0 = Release|Any CPU
		{6D7C08A1-9328-4F6D-8A4D-9534A9295E5C}.Ad-Hoc|x86.ActiveCfg = Release|Any CPU
		{6D7C08A1-9328-4F6D-8A4D-9534A9295E5C}.Ad-Hoc|x86.Build.0 = Release|Any CPU
		{6D7C08A1-9328-4F6D-8A4D-9534A9295E5C}.AppStore|Any CPU.ActiveCfg = Release|Any CPU
		{6D7C08A1-9328-4F6D-8A4D-9534A9295E5C}.AppStore|Any CPU.Build.0 = Release|Any CPU
		{6D7C08A1-9328-4F6D-8A4D-9534A9295E5C}.AppStore|ARM.ActiveCfg = Release|Any CPU
		{6D7C08A1-9328-4F6D-8A4D-9534A9295E5C}.AppStore|ARM.Build.0 = Release|Any CPU
		{6D7C08A1-9328-4F6D-8A4D-9534A9295E5C}.AppStore|iPhone.ActiveCfg = Release|Any CPU
		{6D7C08A1-9328-4F6D-8A4D-9534A9295E5C}.AppStore|iPhone.Build.0 = Release|Any CPU
		{6D7C08A1-9328-4F6D-8A4D-9534A9295E5C}.AppStore|iPhoneSimulator.ActiveCfg = Release|Any CPU
		{6D7C08A1-9328-4F6D-8A4D-9534A9295E5C}.AppStore|iPhoneSimulator.Build.0 = Release|Any CPU
		{6D7C08A1-9328-4F6D-8A4D-9534A9295E5C}.AppStore|x64.ActiveCfg = Release|Any CPU
		{6D7C08A1-9328-4F6D-8A4D-9534A9295E5C}.AppStore|x64.Build.0 = Release|Any CPU
		{6D7C08A1-9328-4F6D-8A4D-9534A9295E5C}.AppStore|x86.ActiveCfg = Release|Any CPU
		{6D7C08A1-9328-4F6D-8A4D-9534A9295E5C}.AppStore|x86.Build.0 = Release|Any CPU
		{6D7C08A1-9328-4F6D-8A4D-9534A9295E5C}.Debug|Any CPU.ActiveCfg = Debug|Any CPU
		{6D7C08A1-9328-4F6D-8A4D-9534A9295E5C}.Debug|Any CPU.Build.0 = Debug|Any CPU
		{6D7C08A1-9328-4F6D-8A4D-9534A9295E5C}.Debug|ARM.ActiveCfg = Debug|Any CPU
		{6D7C08A1-9328-4F6D-8A4D-9534A9295E5C}.Debug|ARM.Build.0 = Debug|Any CPU
		{6D7C08A1-9328-4F6D-8A4D-9534A9295E5C}.Debug|iPhone.ActiveCfg = Debug|Any CPU
		{6D7C08A1-9328-4F6D-8A4D-9534A9295E5C}.Debug|iPhone.Build.0 = Debug|Any CPU
		{6D7C08A1-9328-4F6D-8A4D-9534A9295E5C}.Debug|iPhoneSimulator.ActiveCfg = Debug|Any CPU
		{6D7C08A1-9328-4F6D-8A4D-9534A9295E5C}.Debug|iPhoneSimulator.Build.0 = Debug|Any CPU
		{6D7C08A1-9328-4F6D-8A4D-9534A9295E5C}.Debug|x64.ActiveCfg = Debug|Any CPU
		{6D7C08A1-9328-4F6D-8A4D-9534A9295E5C}.Debug|x64.Build.0 = Debug|Any CPU
		{6D7C08A1-9328-4F6D-8A4D-9534A9295E5C}.Debug|x86.ActiveCfg = Debug|Any CPU
		{6D7C08A1-9328-4F6D-8A4D-9534A9295E5C}.Debug|x86.Build.0 = Debug|Any CPU
		{6D7C08A1-9328-4F6D-8A4D-9534A9295E5C}.Release|Any CPU.ActiveCfg = Release|Any CPU
		{6D7C08A1-9328-4F6D-8A4D-9534A9295E5C}.Release|Any CPU.Build.0 = Release|Any CPU
		{6D7C08A1-9328-4F6D-8A4D-9534A9295E5C}.Release|ARM.ActiveCfg = Release|Any CPU
		{6D7C08A1-9328-4F6D-8A4D-9534A9295E5C}.Release|ARM.Build.0 = Release|Any CPU
		{6D7C08A1-9328-4F6D-8A4D-9534A9295E5C}.Release|iPhone.ActiveCfg = Release|Any CPU
		{6D7C08A1-9328-4F6D-8A4D-9534A9295E5C}.Release|iPhone.Build.0 = Release|Any CPU
		{6D7C08A1-9328-4F6D-8A4D-9534A9295E5C}.Release|iPhoneSimulator.ActiveCfg = Release|Any CPU
		{6D7C08A1-9328-4F6D-8A4D-9534A9295E5C}.Release|iPhoneSimulator.Build.0 = Release|Any CPU
		{6D7C08A1-9328-4F6D-8A4D-9534A9295E5C}.Release|x64.ActiveCfg = Release|Any CPU
		{6D7C08A1-9328-4F6D-8A4D-9534A9295E5C}.Release|x64.Build.0 = Release|Any CPU
		{6D7C08A1-9328-4F6D-8A4D-9534A9295E5C}.Release|x86.ActiveCfg = Release|Any CPU
		{6D7C08A1-9328-4F6D-8A4D-9534A9295E5C}.Release|x86.Build.0 = Release|Any CPU
		{A179CA4F-A42C-4967-824A-4541F94D17F4}.Ad-Hoc|Any CPU.ActiveCfg = Release|Any CPU
		{A179CA4F-A42C-4967-824A-4541F94D17F4}.Ad-Hoc|Any CPU.Build.0 = Release|Any CPU
		{A179CA4F-A42C-4967-824A-4541F94D17F4}.Ad-Hoc|ARM.ActiveCfg = Release|Any CPU
		{A179CA4F-A42C-4967-824A-4541F94D17F4}.Ad-Hoc|ARM.Build.0 = Release|Any CPU
		{A179CA4F-A42C-4967-824A-4541F94D17F4}.Ad-Hoc|iPhone.ActiveCfg = Release|Any CPU
		{A179CA4F-A42C-4967-824A-4541F94D17F4}.Ad-Hoc|iPhone.Build.0 = Release|Any CPU
		{A179CA4F-A42C-4967-824A-4541F94D17F4}.Ad-Hoc|iPhoneSimulator.ActiveCfg = Release|Any CPU
		{A179CA4F-A42C-4967-824A-4541F94D17F4}.Ad-Hoc|iPhoneSimulator.Build.0 = Release|Any CPU
		{A179CA4F-A42C-4967-824A-4541F94D17F4}.Ad-Hoc|x64.ActiveCfg = Release|Any CPU
		{A179CA4F-A42C-4967-824A-4541F94D17F4}.Ad-Hoc|x64.Build.0 = Release|Any CPU
		{A179CA4F-A42C-4967-824A-4541F94D17F4}.Ad-Hoc|x86.ActiveCfg = Release|Any CPU
		{A179CA4F-A42C-4967-824A-4541F94D17F4}.Ad-Hoc|x86.Build.0 = Release|Any CPU
		{A179CA4F-A42C-4967-824A-4541F94D17F4}.AppStore|Any CPU.ActiveCfg = Release|Any CPU
		{A179CA4F-A42C-4967-824A-4541F94D17F4}.AppStore|Any CPU.Build.0 = Release|Any CPU
		{A179CA4F-A42C-4967-824A-4541F94D17F4}.AppStore|ARM.ActiveCfg = Release|Any CPU
		{A179CA4F-A42C-4967-824A-4541F94D17F4}.AppStore|ARM.Build.0 = Release|Any CPU
		{A179CA4F-A42C-4967-824A-4541F94D17F4}.AppStore|iPhone.ActiveCfg = Release|Any CPU
		{A179CA4F-A42C-4967-824A-4541F94D17F4}.AppStore|iPhone.Build.0 = Release|Any CPU
		{A179CA4F-A42C-4967-824A-4541F94D17F4}.AppStore|iPhoneSimulator.ActiveCfg = Release|Any CPU
		{A179CA4F-A42C-4967-824A-4541F94D17F4}.AppStore|iPhoneSimulator.Build.0 = Release|Any CPU
		{A179CA4F-A42C-4967-824A-4541F94D17F4}.AppStore|x64.ActiveCfg = Release|Any CPU
		{A179CA4F-A42C-4967-824A-4541F94D17F4}.AppStore|x64.Build.0 = Release|Any CPU
		{A179CA4F-A42C-4967-824A-4541F94D17F4}.AppStore|x86.ActiveCfg = Release|Any CPU
		{A179CA4F-A42C-4967-824A-4541F94D17F4}.AppStore|x86.Build.0 = Release|Any CPU
		{A179CA4F-A42C-4967-824A-4541F94D17F4}.Debug|Any CPU.ActiveCfg = Debug|Any CPU
		{A179CA4F-A42C-4967-824A-4541F94D17F4}.Debug|Any CPU.Build.0 = Debug|Any CPU
		{A179CA4F-A42C-4967-824A-4541F94D17F4}.Debug|ARM.ActiveCfg = Debug|Any CPU
		{A179CA4F-A42C-4967-824A-4541F94D17F4}.Debug|ARM.Build.0 = Debug|Any CPU
		{A179CA4F-A42C-4967-824A-4541F94D17F4}.Debug|iPhone.ActiveCfg = Debug|Any CPU
		{A179CA4F-A42C-4967-824A-4541F94D17F4}.Debug|iPhone.Build.0 = Debug|Any CPU
		{A179CA4F-A42C-4967-824A-4541F94D17F4}.Debug|iPhoneSimulator.ActiveCfg = Debug|Any CPU
		{A179CA4F-A42C-4967-824A-4541F94D17F4}.Debug|iPhoneSimulator.Build.0 = Debug|Any CPU
		{A179CA4F-A42C-4967-824A-4541F94D17F4}.Debug|x64.ActiveCfg = Debug|Any CPU
		{A179CA4F-A42C-4967-824A-4541F94D17F4}.Debug|x64.Build.0 = Debug|Any CPU
		{A179CA4F-A42C-4967-824A-4541F94D17F4}.Debug|x86.ActiveCfg = Debug|Any CPU
		{A179CA4F-A42C-4967-824A-4541F94D17F4}.Debug|x86.Build.0 = Debug|Any CPU
		{A179CA4F-A42C-4967-824A-4541F94D17F4}.Release|Any CPU.ActiveCfg = Release|Any CPU
		{A179CA4F-A42C-4967-824A-4541F94D17F4}.Release|Any CPU.Build.0 = Release|Any CPU
		{A179CA4F-A42C-4967-824A-4541F94D17F4}.Release|ARM.ActiveCfg = Release|Any CPU
		{A179CA4F-A42C-4967-824A-4541F94D17F4}.Release|ARM.Build.0 = Release|Any CPU
		{A179CA4F-A42C-4967-824A-4541F94D17F4}.Release|iPhone.ActiveCfg = Release|Any CPU
		{A179CA4F-A42C-4967-824A-4541F94D17F4}.Release|iPhone.Build.0 = Release|Any CPU
		{A179CA4F-A42C-4967-824A-4541F94D17F4}.Release|iPhoneSimulator.ActiveCfg = Release|Any CPU
		{A179CA4F-A42C-4967-824A-4541F94D17F4}.Release|iPhoneSimulator.Build.0 = Release|Any CPU
		{A179CA4F-A42C-4967-824A-4541F94D17F4}.Release|x64.ActiveCfg = Release|Any CPU
		{A179CA4F-A42C-4967-824A-4541F94D17F4}.Release|x64.Build.0 = Release|Any CPU
		{A179CA4F-A42C-4967-824A-4541F94D17F4}.Release|x86.ActiveCfg = Release|Any CPU
		{A179CA4F-A42C-4967-824A-4541F94D17F4}.Release|x86.Build.0 = Release|Any CPU
	EndGlobalSection
	GlobalSection(SolutionProperties) = preSolution
		HideSolutionNode = FALSE
	EndGlobalSection
	GlobalSection(NestedProjects) = preSolution
		{6D7C08A1-9328-4F6D-8A4D-9534A9295E5C} = {3777B00D-6C55-4876-8B71-A05CA1D383D7}
		{A179CA4F-A42C-4967-824A-4541F94D17F4} = {3777B00D-6C55-4876-8B71-A05CA1D383D7}
	EndGlobalSection
EndGlobal
